
Microsoft Visual Studio Solution File, Format Version 12.00
# Visual Studio Version 17
VisualStudioVersion = 17.7.34031.279
MinimumVisualStudioVersion = 10.0.40219.1
Project("{9A19103F-16F7-4668-BE54-9A1E7A4F7556}") = "Class_01", "Class_01\Class_01.csproj", "{F15F5A57-DD41-46D3-B98C-55845402CDA7}"
EndProject
Project("{9A19103F-16F7-4668-BE54-9A1E7A4F7556}") = "Class_02", "Class_02\Class_02.csproj", "{DF88B0CF-A327-47D5-916F-6D5261E471B8}"
EndProject
Project("{9A19103F-16F7-4668-BE54-9A1E7A4F7556}") = "Class_03", "Class_03\Class_03.csproj", "{6933D2E5-E8CB-49EE-9A87-AA115DD7CE8F}"
EndProject
Project("{FAE04EC0-301F-11D3-BF4B-00C04F79EFBC}") = "Class_04", "Class_04\Class_04.csproj", "{B067ABA8-0F54-4188-A868-A34EE7730D4E}"
EndProject
Global
	GlobalSection(SolutionConfigurationPlatforms) = preSolution
		Debug|Any CPU = Debug|Any CPU
		Release|Any CPU = Release|Any CPU
	EndGlobalSection
	GlobalSection(ProjectConfigurationPlatforms) = postSolution
		{F15F5A57-DD41-46D3-B98C-55845402CDA7}.Debug|Any CPU.ActiveCfg = Debug|Any CPU
		{F15F5A57-DD41-46D3-B98C-55845402CDA7}.Debug|Any CPU.Build.0 = Debug|Any CPU
		{F15F5A57-DD41-46D3-B98C-55845402CDA7}.Release|Any CPU.ActiveCfg = Release|Any CPU
		{F15F5A57-DD41-46D3-B98C-55845402CDA7}.Release|Any CPU.Build.0 = Release|Any CPU
		{DF88B0CF-A327-47D5-916F-6D5261E471B8}.Debug|Any CPU.ActiveCfg = Debug|Any CPU
		{DF88B0CF-A327-47D5-916F-6D5261E471B8}.Debug|Any CPU.Build.0 = Debug|Any CPU
		{DF88B0CF-A327-47D5-916F-6D5261E471B8}.Release|Any CPU.ActiveCfg = Release|Any CPU
		{DF88B0CF-A327-47D5-916F-6D5261E471B8}.Release|Any CPU.Build.0 = Release|Any CPU
		{6933D2E5-E8CB-49EE-9A87-AA115DD7CE8F}.Debug|Any CPU.ActiveCfg = Debug|Any CPU
		{6933D2E5-E8CB-49EE-9A87-AA115DD7CE8F}.Debug|Any CPU.Build.0 = Debug|Any CPU
		{6933D2E5-E8CB-49EE-9A87-AA115DD7CE8F}.Release|Any CPU.ActiveCfg = Release|Any CPU
		{6933D2E5-E8CB-49EE-9A87-AA115DD7CE8F}.Release|Any CPU.Build.0 = Release|Any CPU
		{B067ABA8-0F54-4188-A868-A34EE7730D4E}.Debug|Any CPU.ActiveCfg = Debug|Any CPU
		{B067ABA8-0F54-4188-A868-A34EE7730D4E}.Debug|Any CPU.Build.0 = Debug|Any CPU
		{B067ABA8-0F54-4188-A868-A34EE7730D4E}.Release|Any CPU.ActiveCfg = Release|Any CPU
		{B067ABA8-0F54-4188-A868-A34EE7730D4E}.Release|Any CPU.Build.0 = Release|Any CPU
	EndGlobalSection
	GlobalSection(SolutionProperties) = preSolution
		HideSolutionNode = FALSE
	EndGlobalSection
	GlobalSection(ExtensibilityGlobals) = postSolution
		SolutionGuid = {5ADD579E-D35F-4A91-9B8D-D478BD2511FE}
	EndGlobalSection
EndGlobal
