
Microsoft Visual Studio Solution File, Format Version 12.00
# Visual Studio Version 17
VisualStudioVersion = 17.7.34031.279
MinimumVisualStudioVersion = 10.0.40219.1
Project("{9A19103F-16F7-4668-BE54-9A1E7A4F7556}") = "Class_01", "Class_01\Class_01.csproj", "{F15F5A57-DD41-46D3-B98C-55845402CDA7}"
EndProject
Project("{9A19103F-16F7-4668-BE54-9A1E7A4F7556}") = "Class_02", "Class_02\Class_02.csproj", "{DF88B0CF-A327-47D5-916F-6D5261E471B8}"
EndProject
Project("{9A19103F-16F7-4668-BE54-9A1E7A4F7556}") = "Class_03", "Class_03\Class_03.csproj", "{6933D2E5-E8CB-49EE-9A87-AA115DD7CE8F}"
EndProject
Project("{9A19103F-16F7-4668-BE54-9A1E7A4F7556}") = "Class_04", "Class_04\Class_04.csproj", "{B067ABA8-0F54-4188-A868-A34EE7730D4E}"
EndProject
Project("{9A19103F-16F7-4668-BE54-9A1E7A4F7556}") = "Class_05", "Class_05\Class_05.csproj", "{FB10FD95-5204-42F8-AF2E-5F071286BC23}"
EndProject
Project("{9A19103F-16F7-4668-BE54-9A1E7A4F7556}") = "Class_06", "Class_06\Class_06.csproj", "{B4910AA8-CC01-40CC-BADC-518CB69A62CE}"
EndProject
Project("{9A19103F-16F7-4668-BE54-9A1E7A4F7556}") = "Class_07", "Class_07\Class_07.csproj", "{4EDD9320-6560-46D8-A975-CD1DE1B847BE}"
EndProject
Project("{9A19103F-16F7-4668-BE54-9A1E7A4F7556}") = "Class_08", "Class_08\Class_08.csproj", "{AEC8DF8B-2F46-4055-B13F-9897A5B46B79}"
EndProject
Project("{9A19103F-16F7-4668-BE54-9A1E7A4F7556}") = "Class_10", "Class_10\Class_10.csproj", "{D69299EA-18D6-44CF-BC49-177B79A2800A}"
EndProject
Project("{9A19103F-16F7-4668-BE54-9A1E7A4F7556}") = "Class_12", "Class_12\Class_12.csproj", "{2B64052A-CF86-439D-8ADD-438354E186CE}"
EndProject
Project("{FAE04EC0-301F-11D3-BF4B-00C04F79EFBC}") = "Class_13", "Class_13\Class_13.csproj", "{C7B72689-01C4-4693-8073-8AAFBB45CCD1}"
EndProject
Global
	GlobalSection(SolutionConfigurationPlatforms) = preSolution
		Debug|Any CPU = Debug|Any CPU
		Release|Any CPU = Release|Any CPU
	EndGlobalSection
	GlobalSection(ProjectConfigurationPlatforms) = postSolution
		{F15F5A57-DD41-46D3-B98C-55845402CDA7}.Debug|Any CPU.ActiveCfg = Debug|Any CPU
		{F15F5A57-DD41-46D3-B98C-55845402CDA7}.Debug|Any CPU.Build.0 = Debug|Any CPU
		{F15F5A57-DD41-46D3-B98C-55845402CDA7}.Release|Any CPU.ActiveCfg = Release|Any CPU
		{F15F5A57-DD41-46D3-B98C-55845402CDA7}.Release|Any CPU.Build.0 = Release|Any CPU
		{DF88B0CF-A327-47D5-916F-6D5261E471B8}.Debug|Any CPU.ActiveCfg = Debug|Any CPU
		{DF88B0CF-A327-47D5-916F-6D5261E471B8}.Debug|Any CPU.Build.0 = Debug|Any CPU
		{DF88B0CF-A327-47D5-916F-6D5261E471B8}.Release|Any CPU.ActiveCfg = Release|Any CPU
		{DF88B0CF-A327-47D5-916F-6D5261E471B8}.Release|Any CPU.Build.0 = Release|Any CPU
		{6933D2E5-E8CB-49EE-9A87-AA115DD7CE8F}.Debug|Any CPU.ActiveCfg = Debug|Any CPU
		{6933D2E5-E8CB-49EE-9A87-AA115DD7CE8F}.Debug|Any CPU.Build.0 = Debug|Any CPU
		{6933D2E5-E8CB-49EE-9A87-AA115DD7CE8F}.Release|Any CPU.ActiveCfg = Release|Any CPU
		{6933D2E5-E8CB-49EE-9A87-AA115DD7CE8F}.Release|Any CPU.Build.0 = Release|Any CPU
		{B067ABA8-0F54-4188-A868-A34EE7730D4E}.Debug|Any CPU.ActiveCfg = Debug|Any CPU
		{B067ABA8-0F54-4188-A868-A34EE7730D4E}.Debug|Any CPU.Build.0 = Debug|Any CPU
		{B067ABA8-0F54-4188-A868-A34EE7730D4E}.Release|Any CPU.ActiveCfg = Release|Any CPU
		{B067ABA8-0F54-4188-A868-A34EE7730D4E}.Release|Any CPU.Build.0 = Release|Any CPU
		{FB10FD95-5204-42F8-AF2E-5F071286BC23}.Debug|Any CPU.ActiveCfg = Debug|Any CPU
		{FB10FD95-5204-42F8-AF2E-5F071286BC23}.Debug|Any CPU.Build.0 = Debug|Any CPU
		{FB10FD95-5204-42F8-AF2E-5F071286BC23}.Release|Any CPU.ActiveCfg = Release|Any CPU
		{FB10FD95-5204-42F8-AF2E-5F071286BC23}.Release|Any CPU.Build.0 = Release|Any CPU
		{B4910AA8-CC01-40CC-BADC-518CB69A62CE}.Debug|Any CPU.ActiveCfg = Debug|Any CPU
		{B4910AA8-CC01-40CC-BADC-518CB69A62CE}.Debug|Any CPU.Build.0 = Debug|Any CPU
		{B4910AA8-CC01-40CC-BADC-518CB69A62CE}.Release|Any CPU.ActiveCfg = Release|Any CPU
		{B4910AA8-CC01-40CC-BADC-518CB69A62CE}.Release|Any CPU.Build.0 = Release|Any CPU
		{4EDD9320-6560-46D8-A975-CD1DE1B847BE}.Debug|Any CPU.ActiveCfg = Debug|Any CPU
		{4EDD9320-6560-46D8-A975-CD1DE1B847BE}.Debug|Any CPU.Build.0 = Debug|Any CPU
		{4EDD9320-6560-46D8-A975-CD1DE1B847BE}.Release|Any CPU.ActiveCfg = Release|Any CPU
		{4EDD9320-6560-46D8-A975-CD1DE1B847BE}.Release|Any CPU.Build.0 = Release|Any CPU
		{AEC8DF8B-2F46-4055-B13F-9897A5B46B79}.Debug|Any CPU.ActiveCfg = Debug|Any CPU
		{AEC8DF8B-2F46-4055-B13F-9897A5B46B79}.Debug|Any CPU.Build.0 = Debug|Any CPU
		{AEC8DF8B-2F46-4055-B13F-9897A5B46B79}.Release|Any CPU.ActiveCfg = Release|Any CPU
		{AEC8DF8B-2F46-4055-B13F-9897A5B46B79}.Release|Any CPU.Build.0 = Release|Any CPU
		{D69299EA-18D6-44CF-BC49-177B79A2800A}.Debug|Any CPU.ActiveCfg = Debug|Any CPU
		{D69299EA-18D6-44CF-BC49-177B79A2800A}.Debug|Any CPU.Build.0 = Debug|Any CPU
		{D69299EA-18D6-44CF-BC49-177B79A2800A}.Release|Any CPU.ActiveCfg = Release|Any CPU
		{D69299EA-18D6-44CF-BC49-177B79A2800A}.Release|Any CPU.Build.0 = Release|Any CPU
		{2B64052A-CF86-439D-8ADD-438354E186CE}.Debug|Any CPU.ActiveCfg = Debug|Any CPU
		{2B64052A-CF86-439D-8ADD-438354E186CE}.Debug|Any CPU.Build.0 = Debug|Any CPU
		{2B64052A-CF86-439D-8ADD-438354E186CE}.Release|Any CPU.ActiveCfg = Release|Any CPU
		{2B64052A-CF86-439D-8ADD-438354E186CE}.Release|Any CPU.Build.0 = Release|Any CPU
		{C7B72689-01C4-4693-8073-8AAFBB45CCD1}.Debug|Any CPU.ActiveCfg = Debug|Any CPU
		{C7B72689-01C4-4693-8073-8AAFBB45CCD1}.Debug|Any CPU.Build.0 = Debug|Any CPU
		{C7B72689-01C4-4693-8073-8AAFBB45CCD1}.Release|Any CPU.ActiveCfg = Release|Any CPU
		{C7B72689-01C4-4693-8073-8AAFBB45CCD1}.Release|Any CPU.Build.0 = Release|Any CPU
	EndGlobalSection
	GlobalSection(SolutionProperties) = preSolution
		HideSolutionNode = FALSE
	EndGlobalSection
	GlobalSection(ExtensibilityGlobals) = postSolution
		SolutionGuid = {5ADD579E-D35F-4A91-9B8D-D478BD2511FE}
	EndGlobalSection
EndGlobal
